
Microsoft Visual Studio Solution File, Format Version 12.00
# Visual Studio Version 16
VisualStudioVersion = 16.0.31515.178
MinimumVisualStudioVersion = 10.0.40219.1
Project("{FAE04EC0-301F-11D3-BF4B-00C04F79EFBC}") = "ContaMediatrab", "ContaMediatrab\ContaMediatrab.csproj", "{4E224115-14A1-4022-8C22-741F2A363DA8}"
EndProject
Global
	GlobalSection(SolutionConfigurationPlatforms) = preSolution
		Debug|Any CPU = Debug|Any CPU
		Release|Any CPU = Release|Any CPU
	EndGlobalSection
	GlobalSection(ProjectConfigurationPlatforms) = postSolution
		{4E224115-14A1-4022-8C22-741F2A363DA8}.Debug|Any CPU.ActiveCfg = Debug|Any CPU
		{4E224115-14A1-4022-8C22-741F2A363DA8}.Debug|Any CPU.Build.0 = Debug|Any CPU
		{4E224115-14A1-4022-8C22-741F2A363DA8}.Release|Any CPU.ActiveCfg = Release|Any CPU
		{4E224115-14A1-4022-8C22-741F2A363DA8}.Release|Any CPU.Build.0 = Release|Any CPU
	EndGlobalSection
	GlobalSection(SolutionProperties) = preSolution
		HideSolutionNode = FALSE
	EndGlobalSection
	GlobalSection(ExtensibilityGlobals) = postSolution
		SolutionGuid = {6C703093-87CE-4954-9840-BC1AEE7DFB1D}
	EndGlobalSection
EndGlobal
